
Microsoft Visual Studio Solution File, Format Version 12.00
# Visual Studio Version 17
VisualStudioVersion = 17.14.36301.6 d17.14
MinimumVisualStudioVersion = 10.0.40219.1
Project("{FAE04EC0-301F-11D3-BF4B-00C04F79EFBC}") = "UserManager.Web", "UserManager.Web\UserManager.Web.csproj", "{DB0844AC-98C8-4D2D-833B-0935511E0683}"
EndProject
Project("{FAE04EC0-301F-11D3-BF4B-00C04F79EFBC}") = "UserManager.Application", "UserManager.Application\UserManager.Application.csproj", "{2DDBA15B-204E-4921-85E4-5180149654CD}"
EndProject
Project("{FAE04EC0-301F-11D3-BF4B-00C04F79EFBC}") = "UserManager.Domain", "UserManager.Domain\UserManager.Domain.csproj", "{40E4E25C-E01C-4323-A764-D42FB076C91B}"
EndProject
Project("{FAE04EC0-301F-11D3-BF4B-00C04F79EFBC}") = "UserManager.Infrastructure", "UserManager.Infrastructure\UserManager.Infrastructure.csproj", "{BDADDA32-8233-45B1-BC9C-5DE09952D10F}"
EndProject
Global
	GlobalSection(SolutionConfigurationPlatforms) = preSolution
		Debug|Any CPU = Debug|Any CPU
		Release|Any CPU = Release|Any CPU
	EndGlobalSection
	GlobalSection(ProjectConfigurationPlatforms) = postSolution
		{DB0844AC-98C8-4D2D-833B-0935511E0683}.Debug|Any CPU.ActiveCfg = Debug|Any CPU
		{DB0844AC-98C8-4D2D-833B-0935511E0683}.Debug|Any CPU.Build.0 = Debug|Any CPU
		{DB0844AC-98C8-4D2D-833B-0935511E0683}.Release|Any CPU.ActiveCfg = Release|Any CPU
		{DB0844AC-98C8-4D2D-833B-0935511E0683}.Release|Any CPU.Build.0 = Release|Any CPU
		{2DDBA15B-204E-4921-85E4-5180149654CD}.Debug|Any CPU.ActiveCfg = Debug|Any CPU
		{2DDBA15B-204E-4921-85E4-5180149654CD}.Debug|Any CPU.Build.0 = Debug|Any CPU
		{2DDBA15B-204E-4921-85E4-5180149654CD}.Release|Any CPU.ActiveCfg = Release|Any CPU
		{2DDBA15B-204E-4921-85E4-5180149654CD}.Release|Any CPU.Build.0 = Release|Any CPU
		{40E4E25C-E01C-4323-A764-D42FB076C91B}.Debug|Any CPU.ActiveCfg = Debug|Any CPU
		{40E4E25C-E01C-4323-A764-D42FB076C91B}.Debug|Any CPU.Build.0 = Debug|Any CPU
		{40E4E25C-E01C-4323-A764-D42FB076C91B}.Release|Any CPU.ActiveCfg = Release|Any CPU
		{40E4E25C-E01C-4323-A764-D42FB076C91B}.Release|Any CPU.Build.0 = Release|Any CPU
		{BDADDA32-8233-45B1-BC9C-5DE09952D10F}.Debug|Any CPU.ActiveCfg = Debug|Any CPU
		{BDADDA32-8233-45B1-BC9C-5DE09952D10F}.Debug|Any CPU.Build.0 = Debug|Any CPU
		{BDADDA32-8233-45B1-BC9C-5DE09952D10F}.Release|Any CPU.ActiveCfg = Release|Any CPU
		{BDADDA32-8233-45B1-BC9C-5DE09952D10F}.Release|Any CPU.Build.0 = Release|Any CPU
	EndGlobalSection
	GlobalSection(SolutionProperties) = preSolution
		HideSolutionNode = FALSE
	EndGlobalSection
	GlobalSection(ExtensibilityGlobals) = postSolution
		SolutionGuid = {FDA8CBFF-1A83-4000-A125-C658F60C64AD}
	EndGlobalSection
EndGlobal
